
Microsoft Visual Studio Solution File, Format Version 12.00
# Visual Studio 15
VisualStudioVersion = 15.0.28307.1340
MinimumVisualStudioVersion = 10.0.40219.1
Project("{FAE04EC0-301F-11D3-BF4B-00C04F79EFBC}") = "LohnabrechnungWpf", "LohnabrechnungWpf\LohnabrechnungWpf.csproj", "{0B74F3E6-B968-4189-944D-31F888814DFB}"
EndProject
Global
	GlobalSection(SolutionConfigurationPlatforms) = preSolution
		Debug|Any CPU = Debug|Any CPU
		Release|Any CPU = Release|Any CPU
	EndGlobalSection
	GlobalSection(ProjectConfigurationPlatforms) = postSolution
		{0B74F3E6-B968-4189-944D-31F888814DFB}.Debug|Any CPU.ActiveCfg = Debug|Any CPU
		{0B74F3E6-B968-4189-944D-31F888814DFB}.Debug|Any CPU.Build.0 = Debug|Any CPU
		{0B74F3E6-B968-4189-944D-31F888814DFB}.Release|Any CPU.ActiveCfg = Release|Any CPU
		{0B74F3E6-B968-4189-944D-31F888814DFB}.Release|Any CPU.Build.0 = Release|Any CPU
	EndGlobalSection
	GlobalSection(SolutionProperties) = preSolution
		HideSolutionNode = FALSE
	EndGlobalSection
	GlobalSection(ExtensibilityGlobals) = postSolution
		SolutionGuid = {CC31E2F4-6C76-48B9-987C-C6F1581AA48B}
	EndGlobalSection
EndGlobal
